{
  "nodes": {
    "nixpkgs": {
      "locked": {
        "lastModified": 1729449015,
        "narHash": "sha256-Gf04dXB0n4q0A9G5nTGH3zuMGr6jtJppqdeljxua1fo=",
        "owner": "NixOS",
        "repo": "nixpkgs",
        "rev": "89172919243df199fe237ba0f776c3e3e3d72367",
        "type": "github"
      },
      "original": {
        "owner": "NixOS",
        "ref": "nixos-24.05",
        "repo": "nixpkgs",
        "type": "github"
      }
    },
    "root": {
      "inputs": {
        "nixpkgs": "nixpkgs",
        "rust-overlay": "rust-overlay"
      }
    },
    "rust-overlay": {
      "inputs": {
        "nixpkgs": [
          "nixpkgs"
        ]
      },
      "locked": {
        "lastModified": 1729564184,
        "narHash": "sha256-dP764PQ6YhjY7C84Txnrb2vf0H2YdQlp5c6a7G18fgw=",
        "owner": "oxalica",
        "repo": "rust-overlay",
        "rev": "d687672b4541496408068bc273d94c643005d4c9",
        "type": "github"
      },
      "original": {
        "owner": "oxalica",
        "repo": "rust-overlay",
        "type": "github"
      }
    }
  },
  "root": "root",
  "version": 7
}
